
Microsoft Visual Studio Solution File, Format Version 12.00
# Visual Studio Version 17
VisualStudioVersion = 17.14.36511.14 d17.14
MinimumVisualStudioVersion = 10.0.40219.1
Project("{FAE04EC0-301F-11D3-BF4B-00C04F79EFBC}") = "LoginMicroservice", "LoginMicroservice\LoginMicroservice.csproj", "{FC129DD8-8654-4221-9ABC-F1CCC0704384}"
EndProject
Project("{FAE04EC0-301F-11D3-BF4B-00C04F79EFBC}") = "LoginMicroservice.Application", "LoginMicroservice.Application\LoginMicroservice.Application.csproj", "{F0800DB7-4EFE-4C90-86EF-309AD1B68337}"
EndProject
Project("{FAE04EC0-301F-11D3-BF4B-00C04F79EFBC}") = "LoginMicroservice.Domain", "LoginMicroservice.Domain\LoginMicroservice.Domain.csproj", "{5AE4ECE3-8B9A-437E-9910-4A09EBE18BCC}"
EndProject
Project("{FAE04EC0-301F-11D3-BF4B-00C04F79EFBC}") = "LoginMicroservice.Infrastructure", "LoginMicroservice.Infrastructure\LoginMicroservice.Infrastructure.csproj", "{02D9A914-196B-48C5-A6DC-C777D3221475}"
EndProject
Global
	GlobalSection(SolutionConfigurationPlatforms) = preSolution
		Debug|Any CPU = Debug|Any CPU
		Release|Any CPU = Release|Any CPU
	EndGlobalSection
	GlobalSection(ProjectConfigurationPlatforms) = postSolution
		{FC129DD8-8654-4221-9ABC-F1CCC0704384}.Debug|Any CPU.ActiveCfg = Debug|Any CPU
		{FC129DD8-8654-4221-9ABC-F1CCC0704384}.Debug|Any CPU.Build.0 = Debug|Any CPU
		{FC129DD8-8654-4221-9ABC-F1CCC0704384}.Release|Any CPU.ActiveCfg = Release|Any CPU
		{FC129DD8-8654-4221-9ABC-F1CCC0704384}.Release|Any CPU.Build.0 = Release|Any CPU
		{F0800DB7-4EFE-4C90-86EF-309AD1B68337}.Debug|Any CPU.ActiveCfg = Debug|Any CPU
		{F0800DB7-4EFE-4C90-86EF-309AD1B68337}.Debug|Any CPU.Build.0 = Debug|Any CPU
		{F0800DB7-4EFE-4C90-86EF-309AD1B68337}.Release|Any CPU.ActiveCfg = Release|Any CPU
		{F0800DB7-4EFE-4C90-86EF-309AD1B68337}.Release|Any CPU.Build.0 = Release|Any CPU
		{5AE4ECE3-8B9A-437E-9910-4A09EBE18BCC}.Debug|Any CPU.ActiveCfg = Debug|Any CPU
		{5AE4ECE3-8B9A-437E-9910-4A09EBE18BCC}.Debug|Any CPU.Build.0 = Debug|Any CPU
		{5AE4ECE3-8B9A-437E-9910-4A09EBE18BCC}.Release|Any CPU.ActiveCfg = Release|Any CPU
		{5AE4ECE3-8B9A-437E-9910-4A09EBE18BCC}.Release|Any CPU.Build.0 = Release|Any CPU
		{02D9A914-196B-48C5-A6DC-C777D3221475}.Debug|Any CPU.ActiveCfg = Debug|Any CPU
		{02D9A914-196B-48C5-A6DC-C777D3221475}.Debug|Any CPU.Build.0 = Debug|Any CPU
		{02D9A914-196B-48C5-A6DC-C777D3221475}.Release|Any CPU.ActiveCfg = Release|Any CPU
		{02D9A914-196B-48C5-A6DC-C777D3221475}.Release|Any CPU.Build.0 = Release|Any CPU
	EndGlobalSection
	GlobalSection(SolutionProperties) = preSolution
		HideSolutionNode = FALSE
	EndGlobalSection
	GlobalSection(ExtensibilityGlobals) = postSolution
		SolutionGuid = {2A146634-3FE8-4332-B2D4-2DB97111650A}
	EndGlobalSection
EndGlobal
